
Microsoft Visual Studio Solution File, Format Version 12.00
# Visual Studio Version 17
VisualStudioVersion = 17.7.34024.191
MinimumVisualStudioVersion = 10.0.40219.1
Project("{FAE04EC0-301F-11D3-BF4B-00C04F79EFBC}") = "ImageController", "ImageController\ImageController.csproj", "{144C545F-72CB-4E78-8D65-6C4F78613AB4}"
EndProject
Global
	GlobalSection(SolutionConfigurationPlatforms) = preSolution
		Debug|Any CPU = Debug|Any CPU
		Release|Any CPU = Release|Any CPU
	EndGlobalSection
	GlobalSection(ProjectConfigurationPlatforms) = postSolution
		{144C545F-72CB-4E78-8D65-6C4F78613AB4}.Debug|Any CPU.ActiveCfg = Debug|Any CPU
		{144C545F-72CB-4E78-8D65-6C4F78613AB4}.Debug|Any CPU.Build.0 = Debug|Any CPU
		{144C545F-72CB-4E78-8D65-6C4F78613AB4}.Debug|Any CPU.Deploy.0 = Debug|Any CPU
		{144C545F-72CB-4E78-8D65-6C4F78613AB4}.Release|Any CPU.ActiveCfg = Release|Any CPU
		{144C545F-72CB-4E78-8D65-6C4F78613AB4}.Release|Any CPU.Build.0 = Release|Any CPU
		{144C545F-72CB-4E78-8D65-6C4F78613AB4}.Release|Any CPU.Deploy.0 = Release|Any CPU
	EndGlobalSection
	GlobalSection(SolutionProperties) = preSolution
		HideSolutionNode = FALSE
	EndGlobalSection
	GlobalSection(ExtensibilityGlobals) = postSolution
		SolutionGuid = {1C6372EE-EB8C-40EF-A014-8103ABD5DA16}
	EndGlobalSection
EndGlobal
